// !$*UTF8*$!
{
	archiveVersion = 1;
	classes = {
	};
	objectVersion = 52;
	objects = {

/* Begin PBXBuildFile section */
		C92994D0248E0E47008A3A2C /* PetBadge.swift in Sources */ = {isa = PBXBuildFile; fileRef = C92994CF248E0E47008A3A2C /* PetBadge.swift */; };
		C92994D6248E41E1008A3A2C /* AccountSnippet.swift in Sources */ = {isa = PBXBuildFile; fileRef = C92994D5248E41E1008A3A2C /* AccountSnippet.swift */; };
		C92994D8248E477F008A3A2C /* ProgressBar.swift in Sources */ = {isa = PBXBuildFile; fileRef = C92994D7248E477F008A3A2C /* ProgressBar.swift */; };
		C92994DA248E51DF008A3A2C /* AboutScreen.swift in Sources */ = {isa = PBXBuildFile; fileRef = C92994D9248E51DF008A3A2C /* AboutScreen.swift */; };
		C92994DC248E51FD008A3A2C /* PetDetailScreen.swift in Sources */ = {isa = PBXBuildFile; fileRef = C92994DB248E51FD008A3A2C /* PetDetailScreen.swift */; };
		C92994DE248E6E72008A3A2C /* User.swift in Sources */ = {isa = PBXBuildFile; fileRef = C92994DD248E6E72008A3A2C /* User.swift */; };
		C92D23A32595CF930089AAEC /* AdoptmeApp.swift in Sources */ = {isa = PBXBuildFile; fileRef = C92D23A22595CF930089AAEC /* AdoptmeApp.swift */; };
		C94637AC248D4F8B0083F7AA /* pets.json in Resources */ = {isa = PBXBuildFile; fileRef = C94637AB248D4F8B0083F7AA /* pets.json */; };
		C94637B7248D50400083F7AA /* cat-wiley.jpg in Resources */ = {isa = PBXBuildFile; fileRef = C94637AD248D503F0083F7AA /* cat-wiley.jpg */; };
		C94637B8248D50400083F7AA /* dog-squeek.jpg in Resources */ = {isa = PBXBuildFile; fileRef = C94637AE248D503F0083F7AA /* dog-squeek.jpg */; };
		C94637B9248D50400083F7AA /* cat-crawler.jpg in Resources */ = {isa = PBXBuildFile; fileRef = C94637AF248D503F0083F7AA /* cat-crawler.jpg */; };
		C94637BA248D50400083F7AA /* cat-payton.jpg in Resources */ = {isa = PBXBuildFile; fileRef = C94637B0248D503F0083F7AA /* cat-payton.jpg */; };
		C94637BB248D50400083F7AA /* cat-unit.jpg in Resources */ = {isa = PBXBuildFile; fileRef = C94637B1248D503F0083F7AA /* cat-unit.jpg */; };
		C94637BC248D50400083F7AA /* cat-rumble.jpg in Resources */ = {isa = PBXBuildFile; fileRef = C94637B2248D503F0083F7AA /* cat-rumble.jpg */; };
		C94637BD248D50400083F7AA /* dog-link.jpg in Resources */ = {isa = PBXBuildFile; fileRef = C94637B3248D503F0083F7AA /* dog-link.jpg */; };
		C94637BE248D50400083F7AA /* cat-peep.jpg in Resources */ = {isa = PBXBuildFile; fileRef = C94637B4248D503F0083F7AA /* cat-peep.jpg */; };
		C94637BF248D50400083F7AA /* cat-pine.jpg in Resources */ = {isa = PBXBuildFile; fileRef = C94637B5248D50400083F7AA /* cat-pine.jpg */; };
		C94637C0248D50400083F7AA /* chameleon-isaac.jpg in Resources */ = {isa = PBXBuildFile; fileRef = C94637B6248D50400083F7AA /* chameleon-isaac.jpg */; };
		C96A3B66248C7B2A00973E2A /* HomeScreen.swift in Sources */ = {isa = PBXBuildFile; fileRef = C96A3B65248C7B2A00973E2A /* HomeScreen.swift */; };
		C96A3B6B248C7B3000973E2A /* Preview Assets.xcassets in Resources */ = {isa = PBXBuildFile; fileRef = C96A3B6A248C7B3000973E2A /* Preview Assets.xcassets */; };
		C97E0F7E2596207100406D7D /* Cleanse in Frameworks */ = {isa = PBXBuildFile; productRef = C97E0F7D2596207100406D7D /* Cleanse */; };
		C97E0F822596224200406D7D /* AppComponent.swift in Sources */ = {isa = PBXBuildFile; fileRef = C97E0F812596224200406D7D /* AppComponent.swift */; };
		C97E6449248D303600BC15AC /* Data.swift in Sources */ = {isa = PBXBuildFile; fileRef = C97E6448248D303600BC15AC /* Data.swift */; };
		C97E644B248D304900BC15AC /* Pet.swift in Sources */ = {isa = PBXBuildFile; fileRef = C97E644A248D304900BC15AC /* Pet.swift */; };
		C97E644D248D305200BC15AC /* UserData.swift in Sources */ = {isa = PBXBuildFile; fileRef = C97E644C248D305200BC15AC /* UserData.swift */; };
		C97E646D248D41B200BC15AC /* PetRow.swift in Sources */ = {isa = PBXBuildFile; fileRef = C97E646C248D41B200BC15AC /* PetRow.swift */; };
		C9E41AAA248E878A008652F0 /* PetHeader.swift in Sources */ = {isa = PBXBuildFile; fileRef = C9E41AA9248E878A008652F0 /* PetHeader.swift */; };
		C9E41AAC248E96E0008652F0 /* PetSize.swift in Sources */ = {isa = PBXBuildFile; fileRef = C9E41AAB248E96E0008652F0 /* PetSize.swift */; };
		C9E41AB1248EA091008652F0 /* ImageStore.swift in Sources */ = {isa = PBXBuildFile; fileRef = C9E41AB0248EA091008652F0 /* ImageStore.swift */; };
		C9E41AB5248EA202008652F0 /* LikeButton.swift in Sources */ = {isa = PBXBuildFile; fileRef = C9E41AB4248EA202008652F0 /* LikeButton.swift */; };
/* End PBXBuildFile section */

/* Begin PBXBuildRule section */
		C92994D4248E2318008A3A2C /* PBXBuildRule */ = {
			isa = PBXBuildRule;
			compilerSpec = com.apple.compilers.proxy.script;
			fileType = pattern.proxy;
			inputFiles = (
			);
			isEditable = 1;
			outputFiles = (
			);
			script = "# Type a script or drag a script file from your workspace to insert its path.\n";
		};
/* End PBXBuildRule section */

/* Begin PBXFileReference section */
		C92994CF248E0E47008A3A2C /* PetBadge.swift */ = {isa = PBXFileReference; lastKnownFileType = sourcecode.swift; path = PetBadge.swift; sourceTree = "<group>"; };
		C92994D5248E41E1008A3A2C /* AccountSnippet.swift */ = {isa = PBXFileReference; lastKnownFileType = sourcecode.swift; path = AccountSnippet.swift; sourceTree = "<group>"; };
		C92994D7248E477F008A3A2C /* ProgressBar.swift */ = {isa = PBXFileReference; lastKnownFileType = sourcecode.swift; path = ProgressBar.swift; sourceTree = "<group>"; };
		C92994D9248E51DF008A3A2C /* AboutScreen.swift */ = {isa = PBXFileReference; lastKnownFileType = sourcecode.swift; path = AboutScreen.swift; sourceTree = "<group>"; };
		C92994DB248E51FD008A3A2C /* PetDetailScreen.swift */ = {isa = PBXFileReference; lastKnownFileType = sourcecode.swift; path = PetDetailScreen.swift; sourceTree = "<group>"; };
		C92994DD248E6E72008A3A2C /* User.swift */ = {isa = PBXFileReference; lastKnownFileType = sourcecode.swift; path = User.swift; sourceTree = "<group>"; };
		C92D23A22595CF930089AAEC /* AdoptmeApp.swift */ = {isa = PBXFileReference; lastKnownFileType = sourcecode.swift; path = AdoptmeApp.swift; sourceTree = "<group>"; };
		C94637AB248D4F8B0083F7AA /* pets.json */ = {isa = PBXFileReference; lastKnownFileType = text.json; path = pets.json; sourceTree = "<group>"; };
		C94637AD248D503F0083F7AA /* cat-wiley.jpg */ = {isa = PBXFileReference; lastKnownFileType = image.jpeg; path = "cat-wiley.jpg"; sourceTree = "<group>"; };
		C94637AE248D503F0083F7AA /* dog-squeek.jpg */ = {isa = PBXFileReference; lastKnownFileType = image.jpeg; path = "dog-squeek.jpg"; sourceTree = "<group>"; };
		C94637AF248D503F0083F7AA /* cat-crawler.jpg */ = {isa = PBXFileReference; lastKnownFileType = image.jpeg; path = "cat-crawler.jpg"; sourceTree = "<group>"; };
		C94637B0248D503F0083F7AA /* cat-payton.jpg */ = {isa = PBXFileReference; lastKnownFileType = image.jpeg; path = "cat-payton.jpg"; sourceTree = "<group>"; };
		C94637B1248D503F0083F7AA /* cat-unit.jpg */ = {isa = PBXFileReference; lastKnownFileType = image.jpeg; path = "cat-unit.jpg"; sourceTree = "<group>"; };
		C94637B2248D503F0083F7AA /* cat-rumble.jpg */ = {isa = PBXFileReference; lastKnownFileType = image.jpeg; path = "cat-rumble.jpg"; sourceTree = "<group>"; };
		C94637B3248D503F0083F7AA /* dog-link.jpg */ = {isa = PBXFileReference; lastKnownFileType = image.jpeg; path = "dog-link.jpg"; sourceTree = "<group>"; };
		C94637B4248D503F0083F7AA /* cat-peep.jpg */ = {isa = PBXFileReference; lastKnownFileType = image.jpeg; path = "cat-peep.jpg"; sourceTree = "<group>"; };
		C94637B5248D50400083F7AA /* cat-pine.jpg */ = {isa = PBXFileReference; lastKnownFileType = image.jpeg; path = "cat-pine.jpg"; sourceTree = "<group>"; };
		C94637B6248D50400083F7AA /* chameleon-isaac.jpg */ = {isa = PBXFileReference; lastKnownFileType = image.jpeg; path = "chameleon-isaac.jpg"; sourceTree = "<group>"; };
		C96A3B5E248C7B2A00973E2A /* adoptme.app */ = {isa = PBXFileReference; explicitFileType = wrapper.application; includeInIndex = 0; path = adoptme.app; sourceTree = BUILT_PRODUCTS_DIR; };
		C96A3B65248C7B2A00973E2A /* HomeScreen.swift */ = {isa = PBXFileReference; lastKnownFileType = sourcecode.swift; path = HomeScreen.swift; sourceTree = "<group>"; };
		C96A3B6A248C7B3000973E2A /* Preview Assets.xcassets */ = {isa = PBXFileReference; lastKnownFileType = folder.assetcatalog; path = "Preview Assets.xcassets"; sourceTree = "<group>"; };
		C96A3B6F248C7B3000973E2A /* Info.plist */ = {isa = PBXFileReference; lastKnownFileType = text.plist.xml; path = Info.plist; sourceTree = "<group>"; };
		C97E0F812596224200406D7D /* AppComponent.swift */ = {isa = PBXFileReference; lastKnownFileType = sourcecode.swift; path = AppComponent.swift; sourceTree = "<group>"; };
		C97E6448248D303600BC15AC /* Data.swift */ = {isa = PBXFileReference; lastKnownFileType = sourcecode.swift; path = Data.swift; sourceTree = "<group>"; };
		C97E644A248D304900BC15AC /* Pet.swift */ = {isa = PBXFileReference; lastKnownFileType = sourcecode.swift; path = Pet.swift; sourceTree = "<group>"; };
		C97E644C248D305200BC15AC /* UserData.swift */ = {isa = PBXFileReference; lastKnownFileType = sourcecode.swift; path = UserData.swift; sourceTree = "<group>"; };
		C97E6467248D38D400BC15AC /* Assets.xcassets */ = {isa = PBXFileReference; lastKnownFileType = folder.assetcatalog; path = Assets.xcassets; sourceTree = "<group>"; };
		C97E646C248D41B200BC15AC /* PetRow.swift */ = {isa = PBXFileReference; lastKnownFileType = sourcecode.swift; path = PetRow.swift; sourceTree = "<group>"; };
		C9E41AA9248E878A008652F0 /* PetHeader.swift */ = {isa = PBXFileReference; lastKnownFileType = sourcecode.swift; path = PetHeader.swift; sourceTree = "<group>"; };
		C9E41AAB248E96E0008652F0 /* PetSize.swift */ = {isa = PBXFileReference; lastKnownFileType = sourcecode.swift; path = PetSize.swift; sourceTree = "<group>"; };
		C9E41AB0248EA091008652F0 /* ImageStore.swift */ = {isa = PBXFileReference; lastKnownFileType = sourcecode.swift; path = ImageStore.swift; sourceTree = "<group>"; };
		C9E41AB4248EA202008652F0 /* LikeButton.swift */ = {isa = PBXFileReference; lastKnownFileType = sourcecode.swift; path = LikeButton.swift; sourceTree = "<group>"; };
/* End PBXFileReference section */

/* Begin PBXFrameworksBuildPhase section */
		C96A3B5B248C7B2A00973E2A /* Frameworks */ = {
			isa = PBXFrameworksBuildPhase;
			buildActionMask = 2147483647;
			files = (
				C97E0F7E2596207100406D7D /* Cleanse in Frameworks */,
			);
			runOnlyForDeploymentPostprocessing = 0;
		};
/* End PBXFrameworksBuildPhase section */

/* Begin PBXGroup section */
		C92D23A72595DCDC0089AAEC /* SupportingFiles */ = {
			isa = PBXGroup;
			children = (
				C97E6467248D38D400BC15AC /* Assets.xcassets */,
				C96A3B6F248C7B3000973E2A /* Info.plist */,
			);
			path = SupportingFiles;
			sourceTree = "<group>";
		};
		C92D23A82595DD070089AAEC /* App */ = {
			isa = PBXGroup;
			children = (
				C92D23A22595CF930089AAEC /* AdoptmeApp.swift */,
			);
			path = App;
			sourceTree = "<group>";
		};
		C96A3B55248C7B2A00973E2A = {
			isa = PBXGroup;
			children = (
				C96A3B60248C7B2A00973E2A /* adoptme */,
				C96A3B5F248C7B2A00973E2A /* Products */,
			);
			sourceTree = "<group>";
		};
		C96A3B5F248C7B2A00973E2A /* Products */ = {
			isa = PBXGroup;
			children = (
				C96A3B5E248C7B2A00973E2A /* adoptme.app */,
			);
			name = Products;
			sourceTree = "<group>";
		};
		C96A3B60248C7B2A00973E2A /* adoptme */ = {
			isa = PBXGroup;
			children = (
				C97E0F802596215F00406D7D /* DI */,
				C92D23A82595DD070089AAEC /* App */,
				C92D23A72595DCDC0089AAEC /* SupportingFiles */,
				C97E6447248D302B00BC15AC /* Models */,
				C97E646A248D418600BC15AC /* Views */,
				C97E6450248D314100BC15AC /* Resources */,
				C96A3B69248C7B3000973E2A /* Preview Content */,
			);
			path = adoptme;
			sourceTree = "<group>";
		};
		C96A3B69248C7B3000973E2A /* Preview Content */ = {
			isa = PBXGroup;
			children = (
				C96A3B6A248C7B3000973E2A /* Preview Assets.xcassets */,
			);
			path = "Preview Content";
			sourceTree = "<group>";
		};
		C97E0F802596215F00406D7D /* DI */ = {
			isa = PBXGroup;
			children = (
				C97E0F812596224200406D7D /* AppComponent.swift */,
			);
			path = DI;
			sourceTree = "<group>";
		};
		C97E6447248D302B00BC15AC /* Models */ = {
			isa = PBXGroup;
			children = (
				C97E644C248D305200BC15AC /* UserData.swift */,
				C9E41AB0248EA091008652F0 /* ImageStore.swift */,
				C97E6448248D303600BC15AC /* Data.swift */,
				C97E644A248D304900BC15AC /* Pet.swift */,
				C92994DD248E6E72008A3A2C /* User.swift */,
			);
			path = Models;
			sourceTree = "<group>";
		};
		C97E6450248D314100BC15AC /* Resources */ = {
			isa = PBXGroup;
			children = (
				C94637AF248D503F0083F7AA /* cat-crawler.jpg */,
				C94637B0248D503F0083F7AA /* cat-payton.jpg */,
				C94637B4248D503F0083F7AA /* cat-peep.jpg */,
				C94637B5248D50400083F7AA /* cat-pine.jpg */,
				C94637B2248D503F0083F7AA /* cat-rumble.jpg */,
				C94637B1248D503F0083F7AA /* cat-unit.jpg */,
				C94637AD248D503F0083F7AA /* cat-wiley.jpg */,
				C94637B6248D50400083F7AA /* chameleon-isaac.jpg */,
				C94637B3248D503F0083F7AA /* dog-link.jpg */,
				C94637AE248D503F0083F7AA /* dog-squeek.jpg */,
				C94637AB248D4F8B0083F7AA /* pets.json */,
			);
			path = Resources;
			sourceTree = "<group>";
		};
		C97E6469248D3CCA00BC15AC /* Screens */ = {
			isa = PBXGroup;
			children = (
				C96A3B65248C7B2A00973E2A /* HomeScreen.swift */,
				C92994D9248E51DF008A3A2C /* AboutScreen.swift */,
				C92994DB248E51FD008A3A2C /* PetDetailScreen.swift */,
			);
			path = Screens;
			sourceTree = "<group>";
		};
		C97E646A248D418600BC15AC /* Views */ = {
			isa = PBXGroup;
			children = (
				C97E6469248D3CCA00BC15AC /* Screens */,
				C97E646B248D418D00BC15AC /* Components */,
			);
			path = Views;
			sourceTree = "<group>";
		};
		C97E646B248D418D00BC15AC /* Components */ = {
			isa = PBXGroup;
			children = (
				C97E646C248D41B200BC15AC /* PetRow.swift */,
				C92994CF248E0E47008A3A2C /* PetBadge.swift */,
				C92994D5248E41E1008A3A2C /* AccountSnippet.swift */,
				C92994D7248E477F008A3A2C /* ProgressBar.swift */,
				C9E41AA9248E878A008652F0 /* PetHeader.swift */,
				C9E41AAB248E96E0008652F0 /* PetSize.swift */,
				C9E41AB4248EA202008652F0 /* LikeButton.swift */,
			);
			path = Components;
			sourceTree = "<group>";
		};
/* End PBXGroup section */

/* Begin PBXNativeTarget section */
		C96A3B5D248C7B2A00973E2A /* adoptme */ = {
			isa = PBXNativeTarget;
			buildConfigurationList = C96A3B72248C7B3000973E2A /* Build configuration list for PBXNativeTarget "adoptme" */;
			buildPhases = (
				C96A3B5A248C7B2A00973E2A /* Sources */,
				C96A3B5B248C7B2A00973E2A /* Frameworks */,
				C96A3B5C248C7B2A00973E2A /* Resources */,
			);
			buildRules = (
				C92994D4248E2318008A3A2C /* PBXBuildRule */,
			);
			dependencies = (
			);
			name = adoptme;
			packageProductDependencies = (
				C97E0F7D2596207100406D7D /* Cleanse */,
			);
			productName = Exam1;
			productReference = C96A3B5E248C7B2A00973E2A /* adoptme.app */;
			productType = "com.apple.product-type.application";
		};
/* End PBXNativeTarget section */

/* Begin PBXProject section */
		C96A3B56248C7B2A00973E2A /* Project object */ = {
			isa = PBXProject;
			attributes = {
				LastSwiftUpdateCheck = 1150;
				LastUpgradeCheck = 1220;
				ORGANIZATIONNAME = "Abdul Chathil";
				TargetAttributes = {
					C96A3B5D248C7B2A00973E2A = {
						CreatedOnToolsVersion = 11.5;
					};
				};
			};
			buildConfigurationList = C96A3B59248C7B2A00973E2A /* Build configuration list for PBXProject "adoptme" */;
			compatibilityVersion = "Xcode 9.3";
			developmentRegion = en;
			hasScannedForEncodings = 0;
			knownRegions = (
				en,
				Base,
			);
			mainGroup = C96A3B55248C7B2A00973E2A;
			packageReferences = (
				C97E0F7C2596207100406D7D /* XCRemoteSwiftPackageReference "Cleanse" */,
			);
			productRefGroup = C96A3B5F248C7B2A00973E2A /* Products */;
			projectDirPath = "";
			projectRoot = "";
			targets = (
				C96A3B5D248C7B2A00973E2A /* adoptme */,
			);
		};
/* End PBXProject section */

/* Begin PBXResourcesBuildPhase section */
		C96A3B5C248C7B2A00973E2A /* Resources */ = {
			isa = PBXResourcesBuildPhase;
			buildActionMask = 2147483647;
			files = (
				C94637BC248D50400083F7AA /* cat-rumble.jpg in Resources */,
				C94637BB248D50400083F7AA /* cat-unit.jpg in Resources */,
				C94637C0248D50400083F7AA /* chameleon-isaac.jpg in Resources */,
				C94637BE248D50400083F7AA /* cat-peep.jpg in Resources */,
				C94637BF248D50400083F7AA /* cat-pine.jpg in Resources */,
				C94637BA248D50400083F7AA /* cat-payton.jpg in Resources */,
				C94637B9248D50400083F7AA /* cat-crawler.jpg in Resources */,
				C94637B8248D50400083F7AA /* dog-squeek.jpg in Resources */,
				C94637AC248D4F8B0083F7AA /* pets.json in Resources */,
				C96A3B6B248C7B3000973E2A /* Preview Assets.xcassets in Resources */,
				C94637BD248D50400083F7AA /* dog-link.jpg in Resources */,
				C94637B7248D50400083F7AA /* cat-wiley.jpg in Resources */,
			);
			runOnlyForDeploymentPostprocessing = 0;
		};
/* End PBXResourcesBuildPhase section */

/* Begin PBXSourcesBuildPhase section */
		C96A3B5A248C7B2A00973E2A /* Sources */ = {
			isa = PBXSourcesBuildPhase;
			buildActionMask = 2147483647;
			files = (
				C97E644D248D305200BC15AC /* UserData.swift in Sources */,
				C92D23A32595CF930089AAEC /* AdoptmeApp.swift in Sources */,
				C92994D8248E477F008A3A2C /* ProgressBar.swift in Sources */,
				C97E644B248D304900BC15AC /* Pet.swift in Sources */,
				C92994D0248E0E47008A3A2C /* PetBadge.swift in Sources */,
				C97E0F822596224200406D7D /* AppComponent.swift in Sources */,
				C9E41AB1248EA091008652F0 /* ImageStore.swift in Sources */,
				C92994DE248E6E72008A3A2C /* User.swift in Sources */,
				C97E646D248D41B200BC15AC /* PetRow.swift in Sources */,
				C96A3B66248C7B2A00973E2A /* HomeScreen.swift in Sources */,
				C9E41AB5248EA202008652F0 /* LikeButton.swift in Sources */,
				C97E6449248D303600BC15AC /* Data.swift in Sources */,
				C92994D6248E41E1008A3A2C /* AccountSnippet.swift in Sources */,
				C92994DC248E51FD008A3A2C /* PetDetailScreen.swift in Sources */,
				C9E41AAC248E96E0008652F0 /* PetSize.swift in Sources */,
				C92994DA248E51DF008A3A2C /* AboutScreen.swift in Sources */,
				C9E41AAA248E878A008652F0 /* PetHeader.swift in Sources */,
			);
			runOnlyForDeploymentPostprocessing = 0;
		};
/* End PBXSourcesBuildPhase section */

/* Begin XCBuildConfiguration section */
		C96A3B70248C7B3000973E2A /* Debug */ = {
			isa = XCBuildConfiguration;
			buildSettings = {
				ALWAYS_SEARCH_USER_PATHS = NO;
				CLANG_ANALYZER_NONNULL = YES;
				CLANG_ANALYZER_NUMBER_OBJECT_CONVERSION = YES_AGGRESSIVE;
				CLANG_CXX_LANGUAGE_STANDARD = "gnu++14";
				CLANG_CXX_LIBRARY = "libc++";
				CLANG_ENABLE_MODULES = YES;
				CLANG_ENABLE_OBJC_ARC = YES;
				CLANG_ENABLE_OBJC_WEAK = YES;
				CLANG_WARN_BLOCK_CAPTURE_AUTORELEASING = YES;
				CLANG_WARN_BOOL_CONVERSION = YES;
				CLANG_WARN_COMMA = YES;
				CLANG_WARN_CONSTANT_CONVERSION = YES;
				CLANG_WARN_DEPRECATED_OBJC_IMPLEMENTATIONS = YES;
				CLANG_WARN_DIRECT_OBJC_ISA_USAGE = YES_ERROR;
				CLANG_WARN_DOCUMENTATION_COMMENTS = YES;
				CLANG_WARN_EMPTY_BODY = YES;
				CLANG_WARN_ENUM_CONVERSION = YES;
				CLANG_WARN_INFINITE_RECURSION = YES;
				CLANG_WARN_INT_CONVERSION = YES;
				CLANG_WARN_NON_LITERAL_NULL_CONVERSION = YES;
				CLANG_WARN_OBJC_IMPLICIT_RETAIN_SELF = YES;
				CLANG_WARN_OBJC_LITERAL_CONVERSION = YES;
				CLANG_WARN_OBJC_ROOT_CLASS = YES_ERROR;
				CLANG_WARN_QUOTED_INCLUDE_IN_FRAMEWORK_HEADER = YES;
				CLANG_WARN_RANGE_LOOP_ANALYSIS = YES;
				CLANG_WARN_STRICT_PROTOTYPES = YES;
				CLANG_WARN_SUSPICIOUS_MOVE = YES;
				CLANG_WARN_UNGUARDED_AVAILABILITY = YES_AGGRESSIVE;
				CLANG_WARN_UNREACHABLE_CODE = YES;
				CLANG_WARN__DUPLICATE_METHOD_MATCH = YES;
				COPY_PHASE_STRIP = NO;
				DEBUG_INFORMATION_FORMAT = dwarf;
				ENABLE_STRICT_OBJC_MSGSEND = YES;
				ENABLE_TESTABILITY = YES;
				GCC_C_LANGUAGE_STANDARD = gnu11;
				GCC_DYNAMIC_NO_PIC = NO;
				GCC_NO_COMMON_BLOCKS = YES;
				GCC_OPTIMIZATION_LEVEL = 0;
				GCC_PREPROCESSOR_DEFINITIONS = (
					"DEBUG=1",
					"$(inherited)",
				);
				GCC_WARN_64_TO_32_BIT_CONVERSION = YES;
				GCC_WARN_ABOUT_RETURN_TYPE = YES_ERROR;
				GCC_WARN_UNDECLARED_SELECTOR = YES;
				GCC_WARN_UNINITIALIZED_AUTOS = YES_AGGRESSIVE;
				GCC_WARN_UNUSED_FUNCTION = YES;
				GCC_WARN_UNUSED_VARIABLE = YES;
				IPHONEOS_DEPLOYMENT_TARGET = 14.0;
				MTL_ENABLE_DEBUG_INFO = INCLUDE_SOURCE;
				MTL_FAST_MATH = YES;
				ONLY_ACTIVE_ARCH = YES;
				SDKROOT = iphoneos;
				SWIFT_ACTIVE_COMPILATION_CONDITIONS = DEBUG;
				SWIFT_OPTIMIZATION_LEVEL = "-Onone";
			};
			name = Debug;
		};
		C96A3B71248C7B3000973E2A /* Release */ = {
			isa = XCBuildConfiguration;
			buildSettings = {
				ALWAYS_SEARCH_USER_PATHS = NO;
				CLANG_ANALYZER_NONNULL = YES;
				CLANG_ANALYZER_NUMBER_OBJECT_CONVERSION = YES_AGGRESSIVE;
				CLANG_CXX_LANGUAGE_STANDARD = "gnu++14";
				CLANG_CXX_LIBRARY = "libc++";
				CLANG_ENABLE_MODULES = YES;
				CLANG_ENABLE_OBJC_ARC = YES;
				CLANG_ENABLE_OBJC_WEAK = YES;
				CLANG_WARN_BLOCK_CAPTURE_AUTORELEASING = YES;
				CLANG_WARN_BOOL_CONVERSION = YES;
				CLANG_WARN_COMMA = YES;
				CLANG_WARN_CONSTANT_CONVERSION = YES;
				CLANG_WARN_DEPRECATED_OBJC_IMPLEMENTATIONS = YES;
				CLANG_WARN_DIRECT_OBJC_ISA_USAGE = YES_ERROR;
				CLANG_WARN_DOCUMENTATION_COMMENTS = YES;
				CLANG_WARN_EMPTY_BODY = YES;
				CLANG_WARN_ENUM_CONVERSION = YES;
				CLANG_WARN_INFINITE_RECURSION = YES;
				CLANG_WARN_INT_CONVERSION = YES;
				CLANG_WARN_NON_LITERAL_NULL_CONVERSION = YES;
				CLANG_WARN_OBJC_IMPLICIT_RETAIN_SELF = YES;
				CLANG_WARN_OBJC_LITERAL_CONVERSION = YES;
				CLANG_WARN_OBJC_ROOT_CLASS = YES_ERROR;
				CLANG_WARN_QUOTED_INCLUDE_IN_FRAMEWORK_HEADER = YES;
				CLANG_WARN_RANGE_LOOP_ANALYSIS = YES;
				CLANG_WARN_STRICT_PROTOTYPES = YES;
				CLANG_WARN_SUSPICIOUS_MOVE = YES;
				CLANG_WARN_UNGUARDED_AVAILABILITY = YES_AGGRESSIVE;
				CLANG_WARN_UNREACHABLE_CODE = YES;
				CLANG_WARN__DUPLICATE_METHOD_MATCH = YES;
				COPY_PHASE_STRIP = NO;
				DEBUG_INFORMATION_FORMAT = "dwarf-with-dsym";
				ENABLE_NS_ASSERTIONS = NO;
				ENABLE_STRICT_OBJC_MSGSEND = YES;
				GCC_C_LANGUAGE_STANDARD = gnu11;
				GCC_NO_COMMON_BLOCKS = YES;
				GCC_WARN_64_TO_32_BIT_CONVERSION = YES;
				GCC_WARN_ABOUT_RETURN_TYPE = YES_ERROR;
				GCC_WARN_UNDECLARED_SELECTOR = YES;
				GCC_WARN_UNINITIALIZED_AUTOS = YES_AGGRESSIVE;
				GCC_WARN_UNUSED_FUNCTION = YES;
				GCC_WARN_UNUSED_VARIABLE = YES;
				IPHONEOS_DEPLOYMENT_TARGET = 14.0;
				MTL_ENABLE_DEBUG_INFO = NO;
				MTL_FAST_MATH = YES;
				SDKROOT = iphoneos;
				SWIFT_COMPILATION_MODE = wholemodule;
				SWIFT_OPTIMIZATION_LEVEL = "-O";
				VALIDATE_PRODUCT = YES;
			};
			name = Release;
		};
		C96A3B73248C7B3000973E2A /* Debug */ = {
			isa = XCBuildConfiguration;
			buildSettings = {
				ASSETCATALOG_COMPILER_APPICON_NAME = AppIcon;
				CODE_SIGN_STYLE = Automatic;
				DEVELOPMENT_ASSET_PATHS = "\"adoptme/Preview Content\"";
				ENABLE_PREVIEWS = YES;
				INFOPLIST_FILE = "$(SRCROOT)/adoptme/SupportingFiles/Info.plist";
				IPHONEOS_DEPLOYMENT_TARGET = 14.0;
				LD_RUNPATH_SEARCH_PATHS = (
					"$(inherited)",
					"@executable_path/Frameworks",
				);
				PRODUCT_BUNDLE_IDENTIFIER = com.chathil.Exam1;
				PRODUCT_NAME = "$(TARGET_NAME)";
				SWIFT_VERSION = 5.0;
				TARGETED_DEVICE_FAMILY = "1,2";
			};
			name = Debug;
		};
		C96A3B74248C7B3000973E2A /* Release */ = {
			isa = XCBuildConfiguration;
			buildSettings = {
				ASSETCATALOG_COMPILER_APPICON_NAME = AppIcon;
				CODE_SIGN_STYLE = Automatic;
				DEVELOPMENT_ASSET_PATHS = "\"adoptme/Preview Content\"";
				ENABLE_PREVIEWS = YES;
				INFOPLIST_FILE = "$(SRCROOT)/adoptme/SupportingFiles/Info.plist";
				IPHONEOS_DEPLOYMENT_TARGET = 14.0;
				LD_RUNPATH_SEARCH_PATHS = (
					"$(inherited)",
					"@executable_path/Frameworks",
				);
				PRODUCT_BUNDLE_IDENTIFIER = com.chathil.Exam1;
				PRODUCT_NAME = "$(TARGET_NAME)";
				SWIFT_VERSION = 5.0;
				TARGETED_DEVICE_FAMILY = "1,2";
			};
			name = Release;
		};
/* End XCBuildConfiguration section */

/* Begin XCConfigurationList section */
		C96A3B59248C7B2A00973E2A /* Build configuration list for PBXProject "adoptme" */ = {
			isa = XCConfigurationList;
			buildConfigurations = (
				C96A3B70248C7B3000973E2A /* Debug */,
				C96A3B71248C7B3000973E2A /* Release */,
			);
			defaultConfigurationIsVisible = 0;
			defaultConfigurationName = Release;
		};
		C96A3B72248C7B3000973E2A /* Build configuration list for PBXNativeTarget "adoptme" */ = {
			isa = XCConfigurationList;
			buildConfigurations = (
				C96A3B73248C7B3000973E2A /* Debug */,
				C96A3B74248C7B3000973E2A /* Release */,
			);
			defaultConfigurationIsVisible = 0;
			defaultConfigurationName = Release;
		};
/* End XCConfigurationList section */

/* Begin XCRemoteSwiftPackageReference section */
		C97E0F7C2596207100406D7D /* XCRemoteSwiftPackageReference "Cleanse" */ = {
			isa = XCRemoteSwiftPackageReference;
			repositoryURL = "https://github.com/square/Cleanse.git";
			requirement = {
				kind = upToNextMajorVersion;
				minimumVersion = 4.2.6;
			};
		};
/* End XCRemoteSwiftPackageReference section */

/* Begin XCSwiftPackageProductDependency section */
		C97E0F7D2596207100406D7D /* Cleanse */ = {
			isa = XCSwiftPackageProductDependency;
			package = C97E0F7C2596207100406D7D /* XCRemoteSwiftPackageReference "Cleanse" */;
			productName = Cleanse;
		};
/* End XCSwiftPackageProductDependency section */
	};
	rootObject = C96A3B56248C7B2A00973E2A /* Project object */;
}
